
Microsoft Visual Studio Solution File, Format Version 12.00
# Visual Studio Version 17
VisualStudioVersion = 17.3.32929.385
MinimumVisualStudioVersion = 10.0.40219.1
Project("{FAE04EC0-301F-11D3-BF4B-00C04F79EFBC}") = "supermarche_app", "supermarche_app.csproj", "{D0CF5A93-4E9C-4E35-A098-077ECD8E2CAD}"
EndProject
Global
	GlobalSection(SolutionConfigurationPlatforms) = preSolution
		Debug|Any CPU = Debug|Any CPU
		Release|Any CPU = Release|Any CPU
	EndGlobalSection
	GlobalSection(ProjectConfigurationPlatforms) = postSolution
		{D0CF5A93-4E9C-4E35-A098-077ECD8E2CAD}.Debug|Any CPU.ActiveCfg = Debug|Any CPU
		{D0CF5A93-4E9C-4E35-A098-077ECD8E2CAD}.Debug|Any CPU.Build.0 = Debug|Any CPU
		{D0CF5A93-4E9C-4E35-A098-077ECD8E2CAD}.Release|Any CPU.ActiveCfg = Release|Any CPU
		{D0CF5A93-4E9C-4E35-A098-077ECD8E2CAD}.Release|Any CPU.Build.0 = Release|Any CPU
	EndGlobalSection
	GlobalSection(SolutionProperties) = preSolution
		HideSolutionNode = FALSE
	EndGlobalSection
	GlobalSection(ExtensibilityGlobals) = postSolution
		SolutionGuid = {590546EF-C424-4C50-8314-A704736F2846}
	EndGlobalSection
EndGlobal
